
Microsoft Visual Studio Solution File, Format Version 12.00
# Visual Studio Version 17
VisualStudioVersion = 17.3.32922.545
MinimumVisualStudioVersion = 10.0.40219.1
Project("{8BC9CEB8-8B4A-11D0-8D11-00A0C91BC942}") = "libTbskModem", "libTbskModem\libTbskModem.vcxproj", "{1357BFEA-EC4D-4DD5-BBCB-453BE18E2632}"
EndProject
Project("{8BC9CEB8-8B4A-11D0-8D11-00A0C91BC942}") = "ConsoleApplication1", "CompileTest\ConsoleApplication1\ConsoleApplication1.vcxproj", "{EE4BF47C-D12D-4F1A-979C-AE080638CC3D}"
	ProjectSection(ProjectDependencies) = postProject
		{1357BFEA-EC4D-4DD5-BBCB-453BE18E2632} = {1357BFEA-EC4D-4DD5-BBCB-453BE18E2632}
	EndProjectSection
EndProject
Project("{8BC9CEB8-8B4A-11D0-8D11-00A0C91BC942}") = "PcmTest", "PcmTest\PcmTest.vcxproj", "{A5F251A7-1A19-48A7-A750-08CC48C2F0BD}"
EndProject
Project("{8BC9CEB8-8B4A-11D0-8D11-00A0C91BC942}") = "Modulation", "Modulation\Modulation.vcxproj", "{94F8182F-A8DF-45FE-848F-27E87DBEDC97}"
EndProject
Project("{2150E333-8FDC-42A3-9474-1A3956D46DE8}") = "getstarted", "getstarted", "{7F57BB2B-3F08-413B-A1CD-1741AFD43AC8}"
EndProject
Project("{8BC9CEB8-8B4A-11D0-8D11-00A0C91BC942}") = "Demodulation", "Demodulation\Demodulation.vcxproj", "{6051E5C3-6804-43E9-83CA-3C9ABB1FA68A}"
EndProject
Project("{2150E333-8FDC-42A3-9474-1A3956D46DE8}") = "test", "test", "{A03F3015-8357-4A6F-9964-FCFC1E8365E4}"
EndProject
Project("{8BC9CEB8-8B4A-11D0-8D11-00A0C91BC942}") = "006_wave_noise_bug", "006_wave_noise_bug\006_wave_noise_bug.vcxproj", "{7384D974-1574-4D19-A860-25A4AEA6BA0E}"
EndProject
Project("{8BC9CEB8-8B4A-11D0-8D11-00A0C91BC942}") = "007_err_bug", "007_err_bug\007_err_bug.vcxproj", "{C42F41C2-FA90-40F2-80CB-576C51C97A3F}"
EndProject
Global
	GlobalSection(SolutionConfigurationPlatforms) = preSolution
		Debug|Any CPU = Debug|Any CPU
		Debug|x64 = Debug|x64
		Debug|x86 = Debug|x86
		Release|Any CPU = Release|Any CPU
		Release|x64 = Release|x64
		Release|x86 = Release|x86
	EndGlobalSection
	GlobalSection(ProjectConfigurationPlatforms) = postSolution
		{1357BFEA-EC4D-4DD5-BBCB-453BE18E2632}.Debug|Any CPU.ActiveCfg = Debug|x64
		{1357BFEA-EC4D-4DD5-BBCB-453BE18E2632}.Debug|Any CPU.Build.0 = Debug|x64
		{1357BFEA-EC4D-4DD5-BBCB-453BE18E2632}.Debug|x64.ActiveCfg = Debug|x64
		{1357BFEA-EC4D-4DD5-BBCB-453BE18E2632}.Debug|x64.Build.0 = Debug|x64
		{1357BFEA-EC4D-4DD5-BBCB-453BE18E2632}.Debug|x86.ActiveCfg = Debug|Win32
		{1357BFEA-EC4D-4DD5-BBCB-453BE18E2632}.Debug|x86.Build.0 = Debug|Win32
		{1357BFEA-EC4D-4DD5-BBCB-453BE18E2632}.Release|Any CPU.ActiveCfg = Release|x64
		{1357BFEA-EC4D-4DD5-BBCB-453BE18E2632}.Release|Any CPU.Build.0 = Release|x64
		{1357BFEA-EC4D-4DD5-BBCB-453BE18E2632}.Release|x64.ActiveCfg = Release|x64
		{1357BFEA-EC4D-4DD5-BBCB-453BE18E2632}.Release|x64.Build.0 = Release|x64
		{1357BFEA-EC4D-4DD5-BBCB-453BE18E2632}.Release|x86.ActiveCfg = Release|Win32
		{1357BFEA-EC4D-4DD5-BBCB-453BE18E2632}.Release|x86.Build.0 = Release|Win32
		{EE4BF47C-D12D-4F1A-979C-AE080638CC3D}.Debug|Any CPU.ActiveCfg = Debug|x64
		{EE4BF47C-D12D-4F1A-979C-AE080638CC3D}.Debug|Any CPU.Build.0 = Debug|x64
		{EE4BF47C-D12D-4F1A-979C-AE080638CC3D}.Debug|x64.ActiveCfg = Debug|x64
		{EE4BF47C-D12D-4F1A-979C-AE080638CC3D}.Debug|x64.Build.0 = Debug|x64
		{EE4BF47C-D12D-4F1A-979C-AE080638CC3D}.Debug|x86.ActiveCfg = Debug|Win32
		{EE4BF47C-D12D-4F1A-979C-AE080638CC3D}.Debug|x86.Build.0 = Debug|Win32
		{EE4BF47C-D12D-4F1A-979C-AE080638CC3D}.Release|Any CPU.ActiveCfg = Release|x64
		{EE4BF47C-D12D-4F1A-979C-AE080638CC3D}.Release|Any CPU.Build.0 = Release|x64
		{EE4BF47C-D12D-4F1A-979C-AE080638CC3D}.Release|x64.ActiveCfg = Release|x64
		{EE4BF47C-D12D-4F1A-979C-AE080638CC3D}.Release|x64.Build.0 = Release|x64
		{EE4BF47C-D12D-4F1A-979C-AE080638CC3D}.Release|x86.ActiveCfg = Release|Win32
		{EE4BF47C-D12D-4F1A-979C-AE080638CC3D}.Release|x86.Build.0 = Release|Win32
		{A5F251A7-1A19-48A7-A750-08CC48C2F0BD}.Debug|Any CPU.ActiveCfg = Debug|x64
		{A5F251A7-1A19-48A7-A750-08CC48C2F0BD}.Debug|Any CPU.Build.0 = Debug|x64
		{A5F251A7-1A19-48A7-A750-08CC48C2F0BD}.Debug|x64.ActiveCfg = Debug|x64
		{A5F251A7-1A19-48A7-A750-08CC48C2F0BD}.Debug|x64.Build.0 = Debug|x64
		{A5F251A7-1A19-48A7-A750-08CC48C2F0BD}.Debug|x86.ActiveCfg = Debug|Win32
		{A5F251A7-1A19-48A7-A750-08CC48C2F0BD}.Debug|x86.Build.0 = Debug|Win32
		{A5F251A7-1A19-48A7-A750-08CC48C2F0BD}.Release|Any CPU.ActiveCfg = Release|x64
		{A5F251A7-1A19-48A7-A750-08CC48C2F0BD}.Release|Any CPU.Build.0 = Release|x64
		{A5F251A7-1A19-48A7-A750-08CC48C2F0BD}.Release|x64.ActiveCfg = Release|x64
		{A5F251A7-1A19-48A7-A750-08CC48C2F0BD}.Release|x64.Build.0 = Release|x64
		{A5F251A7-1A19-48A7-A750-08CC48C2F0BD}.Release|x86.ActiveCfg = Release|Win32
		{A5F251A7-1A19-48A7-A750-08CC48C2F0BD}.Release|x86.Build.0 = Release|Win32
		{94F8182F-A8DF-45FE-848F-27E87DBEDC97}.Debug|Any CPU.ActiveCfg = Debug|x64
		{94F8182F-A8DF-45FE-848F-27E87DBEDC97}.Debug|Any CPU.Build.0 = Debug|x64
		{94F8182F-A8DF-45FE-848F-27E87DBEDC97}.Debug|x64.ActiveCfg = Debug|x64
		{94F8182F-A8DF-45FE-848F-27E87DBEDC97}.Debug|x64.Build.0 = Debug|x64
		{94F8182F-A8DF-45FE-848F-27E87DBEDC97}.Debug|x86.ActiveCfg = Debug|Win32
		{94F8182F-A8DF-45FE-848F-27E87DBEDC97}.Debug|x86.Build.0 = Debug|Win32
		{94F8182F-A8DF-45FE-848F-27E87DBEDC97}.Release|Any CPU.ActiveCfg = Release|x64
		{94F8182F-A8DF-45FE-848F-27E87DBEDC97}.Release|Any CPU.Build.0 = Release|x64
		{94F8182F-A8DF-45FE-848F-27E87DBEDC97}.Release|x64.ActiveCfg = Release|x64
		{94F8182F-A8DF-45FE-848F-27E87DBEDC97}.Release|x64.Build.0 = Release|x64
		{94F8182F-A8DF-45FE-848F-27E87DBEDC97}.Release|x86.ActiveCfg = Release|Win32
		{94F8182F-A8DF-45FE-848F-27E87DBEDC97}.Release|x86.Build.0 = Release|Win32
		{6051E5C3-6804-43E9-83CA-3C9ABB1FA68A}.Debug|Any CPU.ActiveCfg = Debug|x64
		{6051E5C3-6804-43E9-83CA-3C9ABB1FA68A}.Debug|Any CPU.Build.0 = Debug|x64
		{6051E5C3-6804-43E9-83CA-3C9ABB1FA68A}.Debug|x64.ActiveCfg = Debug|x64
		{6051E5C3-6804-43E9-83CA-3C9ABB1FA68A}.Debug|x64.Build.0 = Debug|x64
		{6051E5C3-6804-43E9-83CA-3C9ABB1FA68A}.Debug|x86.ActiveCfg = Debug|Win32
		{6051E5C3-6804-43E9-83CA-3C9ABB1FA68A}.Debug|x86.Build.0 = Debug|Win32
		{6051E5C3-6804-43E9-83CA-3C9ABB1FA68A}.Release|Any CPU.ActiveCfg = Release|x64
		{6051E5C3-6804-43E9-83CA-3C9ABB1FA68A}.Release|Any CPU.Build.0 = Release|x64
		{6051E5C3-6804-43E9-83CA-3C9ABB1FA68A}.Release|x64.ActiveCfg = Release|x64
		{6051E5C3-6804-43E9-83CA-3C9ABB1FA68A}.Release|x64.Build.0 = Release|x64
		{6051E5C3-6804-43E9-83CA-3C9ABB1FA68A}.Release|x86.ActiveCfg = Release|Win32
		{6051E5C3-6804-43E9-83CA-3C9ABB1FA68A}.Release|x86.Build.0 = Release|Win32
		{7384D974-1574-4D19-A860-25A4AEA6BA0E}.Debug|Any CPU.ActiveCfg = Debug|x64
		{7384D974-1574-4D19-A860-25A4AEA6BA0E}.Debug|Any CPU.Build.0 = Debug|x64
		{7384D974-1574-4D19-A860-25A4AEA6BA0E}.Debug|x64.ActiveCfg = Debug|x64
		{7384D974-1574-4D19-A860-25A4AEA6BA0E}.Debug|x64.Build.0 = Debug|x64
		{7384D974-1574-4D19-A860-25A4AEA6BA0E}.Debug|x86.ActiveCfg = Debug|Win32
		{7384D974-1574-4D19-A860-25A4AEA6BA0E}.Debug|x86.Build.0 = Debug|Win32
		{7384D974-1574-4D19-A860-25A4AEA6BA0E}.Release|Any CPU.ActiveCfg = Release|x64
		{7384D974-1574-4D19-A860-25A4AEA6BA0E}.Release|Any CPU.Build.0 = Release|x64
		{7384D974-1574-4D19-A860-25A4AEA6BA0E}.Release|x64.ActiveCfg = Release|x64
		{7384D974-1574-4D19-A860-25A4AEA6BA0E}.Release|x64.Build.0 = Release|x64
		{7384D974-1574-4D19-A860-25A4AEA6BA0E}.Release|x86.ActiveCfg = Release|Win32
		{7384D974-1574-4D19-A860-25A4AEA6BA0E}.Release|x86.Build.0 = Release|Win32
		{C42F41C2-FA90-40F2-80CB-576C51C97A3F}.Debug|Any CPU.ActiveCfg = Debug|x64
		{C42F41C2-FA90-40F2-80CB-576C51C97A3F}.Debug|Any CPU.Build.0 = Debug|x64
		{C42F41C2-FA90-40F2-80CB-576C51C97A3F}.Debug|x64.ActiveCfg = Debug|x64
		{C42F41C2-FA90-40F2-80CB-576C51C97A3F}.Debug|x64.Build.0 = Debug|x64
		{C42F41C2-FA90-40F2-80CB-576C51C97A3F}.Debug|x86.ActiveCfg = Debug|Win32
		{C42F41C2-FA90-40F2-80CB-576C51C97A3F}.Debug|x86.Build.0 = Debug|Win32
		{C42F41C2-FA90-40F2-80CB-576C51C97A3F}.Release|Any CPU.ActiveCfg = Release|x64
		{C42F41C2-FA90-40F2-80CB-576C51C97A3F}.Release|Any CPU.Build.0 = Release|x64
		{C42F41C2-FA90-40F2-80CB-576C51C97A3F}.Release|x64.ActiveCfg = Release|x64
		{C42F41C2-FA90-40F2-80CB-576C51C97A3F}.Release|x64.Build.0 = Release|x64
		{C42F41C2-FA90-40F2-80CB-576C51C97A3F}.Release|x86.ActiveCfg = Release|Win32
		{C42F41C2-FA90-40F2-80CB-576C51C97A3F}.Release|x86.Build.0 = Release|Win32
	EndGlobalSection
	GlobalSection(SolutionProperties) = preSolution
		HideSolutionNode = FALSE
	EndGlobalSection
	GlobalSection(NestedProjects) = preSolution
		{EE4BF47C-D12D-4F1A-979C-AE080638CC3D} = {A03F3015-8357-4A6F-9964-FCFC1E8365E4}
		{A5F251A7-1A19-48A7-A750-08CC48C2F0BD} = {7F57BB2B-3F08-413B-A1CD-1741AFD43AC8}
		{94F8182F-A8DF-45FE-848F-27E87DBEDC97} = {7F57BB2B-3F08-413B-A1CD-1741AFD43AC8}
		{6051E5C3-6804-43E9-83CA-3C9ABB1FA68A} = {7F57BB2B-3F08-413B-A1CD-1741AFD43AC8}
		{7384D974-1574-4D19-A860-25A4AEA6BA0E} = {A03F3015-8357-4A6F-9964-FCFC1E8365E4}
		{C42F41C2-FA90-40F2-80CB-576C51C97A3F} = {A03F3015-8357-4A6F-9964-FCFC1E8365E4}
	EndGlobalSection
	GlobalSection(ExtensibilityGlobals) = postSolution
		SolutionGuid = {86DE0407-B6B2-4BC2-91F2-3E76AC4A6489}
	EndGlobalSection
EndGlobal
